
Microsoft Visual Studio Solution File, Format Version 12.00
# Visual Studio 2012
Project("{FAE04EC0-301F-11D3-BF4B-00C04F79EFBC}") = "Hidistro.UI.Common.Controls", "Hidistro.UI.Common.Controls\Hidistro.UI.Common.Controls.csproj", "{6F49E50A-6EF7-427E-9C0E-7230E49BFE91}"
EndProject
Project("{FAE04EC0-301F-11D3-BF4B-00C04F79EFBC}") = "Hidistro.UI.Subsites.Utility", "Hidistro.UI.Subsites.Utility\Hidistro.UI.Subsites.Utility.csproj", "{EE9C6934-9C47-43AC-B2B6-BCC865E281B5}"
EndProject
Project("{FAE04EC0-301F-11D3-BF4B-00C04F79EFBC}") = "Hidistro.UI.SaleSystem.CodeBehind", "Hidistro.UI.SaleSystem.CodeBehind\Hidistro.UI.SaleSystem.CodeBehind.csproj", "{2496E797-6BE8-4037-B952-A5B83DB3005E}"
EndProject
Project("{FAE04EC0-301F-11D3-BF4B-00C04F79EFBC}") = "Hidistro.UI.ControlPanel.Utility", "Hidistro.UI.ControlPanel.Utility\Hidistro.UI.ControlPanel.Utility.csproj", "{6A8A4C33-D0DA-48BC-AA86-1C84BE5ABDDA}"
EndProject
Project("{FAE04EC0-301F-11D3-BF4B-00C04F79EFBC}") = "Hidistro.UI.AccountCenter.CodeBehind", "Hidistro.UI.AccountCenter.CodeBehind\Hidistro.UI.AccountCenter.CodeBehind.csproj", "{04812FC6-7C9F-4DBA-8788-DE5380D30F4C}"
EndProject
Project("{FAE04EC0-301F-11D3-BF4B-00C04F79EFBC}") = "Hidistro.UI.SaleSystem.Tags", "Hidistro.UI.SaleSystem.Tags\Hidistro.UI.SaleSystem.Tags.csproj", "{C49D9036-AB76-4F0A-A83C-88CD93A0149C}"
EndProject
Project("{FAE04EC0-301F-11D3-BF4B-00C04F79EFBC}") = "Hidistro.UI.Common.Validator", "Hidistro.UI.Common.Validator\Hidistro.UI.Common.Validator.csproj", "{81F9D68B-DC11-41BE-9BD9-3EDA19E48429}"
EndProject
Project("{FAE04EC0-301F-11D3-BF4B-00C04F79EFBC}") = "Hidistro.UI.Common.Data", "Hidistro.UI.Common.Data\Hidistro.UI.Common.Data.csproj", "{6ACA1B62-4FB2-40C2-AA6D-BB378C1CABD9}"
EndProject
Project("{FAE04EC0-301F-11D3-BF4B-00C04F79EFBC}") = "Hidistro.SaleSystem.DistributionData", "Hidistro.SaleSystem.DistributionData\Hidistro.SaleSystem.DistributionData.csproj", "{F89494D7-D3EE-48E6-8E4F-E66D52E92A6D}"
EndProject
Project("{FAE04EC0-301F-11D3-BF4B-00C04F79EFBC}") = "Hidistro.SaleSystem.Data", "Hidistro.SaleSystem.Data\Hidistro.SaleSystem.Data.csproj", "{4839229C-1D3D-4AD4-8480-DE3C615AAA9E}"
EndProject
Project("{FAE04EC0-301F-11D3-BF4B-00C04F79EFBC}") = "Hidistro.SaleSystem.Shopping", "Hidistro.SaleSystem.Shopping\Hidistro.SaleSystem.Shopping.csproj", "{06B7230A-5350-4815-BB43-206338AEEEF9}"
EndProject
Project("{FAE04EC0-301F-11D3-BF4B-00C04F79EFBC}") = "Hidistro.SaleSystem.Member", "Hidistro.SaleSystem.Member\Hidistro.SaleSystem.Member.csproj", "{C1E7B11A-41F1-47A1-9EBB-4F6E11E42B5E}"
EndProject
Project("{FAE04EC0-301F-11D3-BF4B-00C04F79EFBC}") = "Hidistro.SaleSystem.Catalog", "Hidistro.SaleSystem.Catalog\Hidistro.SaleSystem.Catalog.csproj", "{9B88E294-28E9-43ED-B68B-FE637C4EE0A7}"
EndProject
Project("{FAE04EC0-301F-11D3-BF4B-00C04F79EFBC}") = "Hidistro.SaleSystem.Comments", "Hidistro.SaleSystem.Comments\Hidistro.SaleSystem.Comments.csproj", "{ECC8D1E8-946C-4113-91F4-E47EC4E8E278}"
EndProject
Project("{FAE04EC0-301F-11D3-BF4B-00C04F79EFBC}") = "Hidistro.AccountCenter.DistributionData", "Hidistro.AccountCenter.DistributionData\Hidistro.AccountCenter.DistributionData.csproj", "{F427F4C5-EC23-4D3B-8D6E-355EE79941EB}"
EndProject
Project("{FAE04EC0-301F-11D3-BF4B-00C04F79EFBC}") = "Hidistro.AccountCenter.Profile", "Hidistro.AccountCenter.Profile\Hidistro.AccountCenter.Profile.csproj", "{CD794D07-16FA-4EFE-904C-F769C7B4EEFC}"
EndProject
Project("{FAE04EC0-301F-11D3-BF4B-00C04F79EFBC}") = "Hidistro.AccountCenter.Data", "Hidistro.AccountCenter.Data\Hidistro.AccountCenter.Data.csproj", "{4D6F5771-A091-41CA-B07C-6F338D270E4D}"
EndProject
Project("{FAE04EC0-301F-11D3-BF4B-00C04F79EFBC}") = "Hidistro.AccountCenter.Business", "Hidistro.AccountCenter.Business\Hidistro.AccountCenter.Business.csproj", "{411CC0FF-C4BC-40A2-95C7-DEE4FD7B2C15}"
EndProject
Project("{FAE04EC0-301F-11D3-BF4B-00C04F79EFBC}") = "Hidistro.Subsites.Data", "Hidistro.Subsites.Data\Hidistro.Subsites.Data.csproj", "{75AC2B62-1C91-48FC-BC81-9765FC799F6F}"
EndProject
Project("{FAE04EC0-301F-11D3-BF4B-00C04F79EFBC}") = "Hidistro.AccountCenter.Comments", "Hidistro.AccountCenter.Comments\Hidistro.AccountCenter.Comments.csproj", "{DBCFF2ED-583D-4541-BBBC-DC84E20A26BC}"
EndProject
Project("{FAE04EC0-301F-11D3-BF4B-00C04F79EFBC}") = "Hidistro.Subsites.Sales", "Hidistro.Subsites.Sales\Hidistro.Subsites.Sales.csproj", "{B3F14129-716B-440D-969E-EB0353490A82}"
EndProject
Project("{FAE04EC0-301F-11D3-BF4B-00C04F79EFBC}") = "Hidistro.Subsites.Members", "Hidistro.Subsites.Members\Hidistro.Subsites.Members.csproj", "{EE04DD15-44DC-4399-A7B5-2B6364DA3118}"
EndProject
Project("{FAE04EC0-301F-11D3-BF4B-00C04F79EFBC}") = "Hidistro.Subsites.Store", "Hidistro.Subsites.Store\Hidistro.Subsites.Store.csproj", "{DCEF0FA8-D932-488A-974E-AF79DFF1EF6A}"
EndProject
Project("{FAE04EC0-301F-11D3-BF4B-00C04F79EFBC}") = "Hidistro.Subsites.Promotions", "Hidistro.Subsites.Promotions\Hidistro.Subsites.Promotions.csproj", "{99A2FA29-2FBD-49BF-8922-C17988201946}"
EndProject
Project("{FAE04EC0-301F-11D3-BF4B-00C04F79EFBC}") = "Hidistro.Subsites.Commodities", "Hidistro.Subsites.Commodities\Hidistro.Subsites.Commodities.csproj", "{128B84A6-2744-4260-A369-FD4665257CDC}"
EndProject
Project("{FAE04EC0-301F-11D3-BF4B-00C04F79EFBC}") = "Hidistro.Subsites.Comments", "Hidistro.Subsites.Comments\Hidistro.Subsites.Comments.csproj", "{04AFBE1A-4468-465F-AED7-E81B8DF1233B}"
EndProject
Project("{FAE04EC0-301F-11D3-BF4B-00C04F79EFBC}") = "Hidistro.ControlPanel.Sales", "Hidistro.ControlPanel.Sales\Hidistro.ControlPanel.Sales.csproj", "{999B0AD3-C058-40E7-90DB-E5482FBDCF34}"
EndProject
Project("{FAE04EC0-301F-11D3-BF4B-00C04F79EFBC}") = "Hidistro.ControlPanel.Data", "Hidistro.ControlPanel.Data\Hidistro.ControlPanel.Data.csproj", "{F84997FE-0036-4939-B14F-C2DFA9A02777}"
EndProject
Project("{FAE04EC0-301F-11D3-BF4B-00C04F79EFBC}") = "Hidistro.ControlPanel.Members", "Hidistro.ControlPanel.Members\Hidistro.ControlPanel.Members.csproj", "{048339A7-65F1-40CE-AD7C-2C3043FB6330}"
EndProject
Project("{FAE04EC0-301F-11D3-BF4B-00C04F79EFBC}") = "Hidistro.ControlPanel.Distribution", "Hidistro.ControlPanel.Distribution\Hidistro.ControlPanel.Distribution.csproj", "{C24A63C5-103B-462C-8656-F1C173B3C532}"
EndProject
Project("{FAE04EC0-301F-11D3-BF4B-00C04F79EFBC}") = "Hidistro.ControlPanel.Commodities", "Hidistro.ControlPanel.Commodities\Hidistro.ControlPanel.Commodities.csproj", "{A679F84E-9D52-43F3-8886-0A16950F2BE6}"
EndProject
Project("{FAE04EC0-301F-11D3-BF4B-00C04F79EFBC}") = "Hidistro.ControlPanel.Store", "Hidistro.ControlPanel.Store\Hidistro.ControlPanel.Store.csproj", "{BCD12901-64DA-4D34-912F-DEA378C85CF6}"
EndProject
Project("{FAE04EC0-301F-11D3-BF4B-00C04F79EFBC}") = "Hidistro.ControlPanel.Promotions", "Hidistro.ControlPanel.Promotions\Hidistro.ControlPanel.Promotions.csproj", "{631BB529-88A9-4698-8E97-3BC324641A2C}"
EndProject
Project("{FAE04EC0-301F-11D3-BF4B-00C04F79EFBC}") = "Hidistro.ControlPanel.Comments", "Hidistro.ControlPanel.Comments\Hidistro.ControlPanel.Comments.csproj", "{E3100865-1EDA-46AE-AEEB-9B863DDEF57A}"
EndProject
Project("{FAE04EC0-301F-11D3-BF4B-00C04F79EFBC}") = "Hidistro.Jobs", "Hidistro.Jobs\Hidistro.Jobs.csproj", "{607D34D9-99D0-4DE9-82EC-4521FB977B45}"
EndProject
Project("{FAE04EC0-301F-11D3-BF4B-00C04F79EFBC}") = "Hidistro.Messages", "Hidistro.Messages\Hidistro.Messages.csproj", "{E05D6B6E-C60F-4370-8A89-3DC45222A433}"
EndProject
Project("{FAE04EC0-301F-11D3-BF4B-00C04F79EFBC}") = "Hidistro.Messages.Data", "Hidistro.Messages.Data\Hidistro.Messages.Data.csproj", "{179AC388-647D-4F5C-8E98-4E1BEA4D27CE}"
EndProject
Project("{FAE04EC0-301F-11D3-BF4B-00C04F79EFBC}") = "Hidistro.Membership.Data", "Hidistro.Membership.Data\Hidistro.Membership.Data.csproj", "{6397DBD9-9A2F-4C46-875F-3C9C0A1FE1FF}"
EndProject
Project("{FAE04EC0-301F-11D3-BF4B-00C04F79EFBC}") = "Hidistro.Membership.ASPNETProvider", "Hidistro.Membership.ASPNETProvider\Hidistro.Membership.ASPNETProvider.csproj", "{37B80173-6FED-4809-8FC4-25607C2132B7}"
EndProject
Project("{FAE04EC0-301F-11D3-BF4B-00C04F79EFBC}") = "Hishop.TransferManager", "Hishop.TransferManager\Hishop.TransferManager.csproj", "{7BD1C85D-5089-4D6E-BC7D-7E56E21E53CB}"
EndProject
Project("{FAE04EC0-301F-11D3-BF4B-00C04F79EFBC}") = "Hishop.Plugins", "Hishop.Plugins\Hishop.Plugins.csproj", "{8D94A6FC-6285-4F8E-BA12-12812DFA7B75}"
EndProject
Project("{FAE04EC0-301F-11D3-BF4B-00C04F79EFBC}") = "Hishop.Components.Validation", "Hishop.Components.Validation\Hishop.Components.Validation.csproj", "{F1E0B145-803B-4323-89E6-86354B3ACB07}"
EndProject
Project("{FAE04EC0-301F-11D3-BF4B-00C04F79EFBC}") = "Hidistro.Membership.Context", "Hidistro.Membership.Context\Hidistro.Membership.Context.csproj", "{F0EF7F8B-F23D-4165-80B7-239BCE0AF80D}"
EndProject
Project("{FAE04EC0-301F-11D3-BF4B-00C04F79EFBC}") = "Hidistro.Membership.Core", "Hidistro.Membership.Core\Hidistro.Membership.Core.csproj", "{7D1CC453-DBF6-4190-ABCE-C9DB063AD0B4}"
EndProject
Project("{FAE04EC0-301F-11D3-BF4B-00C04F79EFBC}") = "Hidistro.Core", "Hidistro.Core\Hidistro.Core.csproj", "{1988A893-A17B-405A-958A-F285ACB64E88}"
EndProject
Project("{E24C65DC-7377-472B-9ABA-BC803B73C61A}") = "Hidistro.UI.Web", "Hidistro.UI.Web\", "{C397C30F-13C6-49CF-8E0D-002772D82410}"
	ProjectSection(WebsiteProperties) = preProject
		TargetFrameworkMoniker = ".NETFramework,Version%3Dv3.5"
		ProjectReferences = "{411CC0FF-C4BC-40A2-95C7-DEE4FD7B2C15}|Hidistro.AccountCenter.Business.dll;{DBCFF2ED-583D-4541-BBBC-DC84E20A26BC}|Hidistro.AccountCenter.Comments.dll;{4D6F5771-A091-41CA-B07C-6F338D270E4D}|Hidistro.AccountCenter.Data.dll;{F427F4C5-EC23-4D3B-8D6E-355EE79941EB}|Hidistro.AccountCenter.DistributionData.dll;{E3100865-1EDA-46AE-AEEB-9B863DDEF57A}|Hidistro.ControlPanel.Comments.dll;{A679F84E-9D52-43F3-8886-0A16950F2BE6}|Hidistro.ControlPanel.Commodities.dll;{F84997FE-0036-4939-B14F-C2DFA9A02777}|Hidistro.ControlPanel.Data.dll;{ECC8D1E8-946C-4113-91F4-E47EC4E8E278}|Hidistro.SaleSystem.Comments.dll;{607D34D9-99D0-4DE9-82EC-4521FB977B45}|Hidistro.Jobs.dll;{37B80173-6FED-4809-8FC4-25607C2132B7}|Hidistro.Membership.ASPNETProvider.dll;{6397DBD9-9A2F-4C46-875F-3C9C0A1FE1FF}|Hidistro.Membership.Data.dll;{179AC388-647D-4F5C-8E98-4E1BEA4D27CE}|Hidistro.Messages.Data.dll;{4839229C-1D3D-4AD4-8480-DE3C615AAA9E}|Hidistro.SaleSystem.Data.dll;{F89494D7-D3EE-48E6-8E4F-E66D52E92A6D}|Hidistro.SaleSystem.DistributionData.dll;{75AC2B62-1C91-48FC-BC81-9765FC799F6F}|Hidistro.Subsites.Data.dll;{04812FC6-7C9F-4DBA-8788-DE5380D30F4C}|Hidistro.UI.AccountCenter.CodeBehind.dll;{6ACA1B62-4FB2-40C2-AA6D-BB378C1CABD9}|Hidistro.UI.Common.Data.dll;{81F9D68B-DC11-41BE-9BD9-3EDA19E48429}|Hidistro.UI.Common.Validator.dll;{7D1CC453-DBF6-4190-ABCE-C9DB063AD0B4}|Hidistro.Membership.Core.dll;{C49D9036-AB76-4F0A-A83C-88CD93A0149C}|Hidistro.UI.SaleSystem.Tags.dll;{F1E0B145-803B-4323-89E6-86354B3ACB07}|Hishop.Components.Validation.dll;{7BD1C85D-5089-4D6E-BC7D-7E56E21E53CB}|Hishop.TransferManager.dll;{EE9C6934-9C47-43AC-B2B6-BCC865E281B5}|Hidistro.UI.Subsites.Utility.dll;{B2B18F62-C764-4392-9CA9-46A4EAA84CA1}|Hidistro.Entities.dll;{2496E797-6BE8-4037-B952-A5B83DB3005E}|Hidistro.UI.SaleSystem.CodeBehind.dll;{06B7230A-5350-4815-BB43-206338AEEEF9}|Hidistro.SaleSystem.Shopping.dll;{1988A893-A17B-405A-958A-F285ACB64E88}|Hidistro.Core.dll;{6A8A4C33-D0DA-48BC-AA86-1C84BE5ABDDA}|Hidistro.UI.ControlPanel.Utility.dll;{999B0AD3-C058-40E7-90DB-E5482FBDCF34}|Hidistro.ControlPanel.Sales.dll;{6F49E50A-6EF7-427E-9C0E-7230E49BFE91}|Hidistro.UI.Common.Controls.dll;{C24A63C5-103B-462C-8656-F1C173B3C532}|Hidistro.ControlPanel.Distribution.dll;{CD794D07-16FA-4EFE-904C-F769C7B4EEFC}|Hidistro.AccountCenter.Profile.dll;{BCD12901-64DA-4D34-912F-DEA378C85CF6}|Hidistro.ControlPanel.Store.dll;{048339A7-65F1-40CE-AD7C-2C3043FB6330}|Hidistro.ControlPanel.Members.dll;{8D94A6FC-6285-4F8E-BA12-12812DFA7B75}|Hishop.Plugins.dll;{E05D6B6E-C60F-4370-8A89-3DC45222A433}|Hidistro.Messages.dll;{9B88E294-28E9-43ED-B68B-FE637C4EE0A7}|Hidistro.SaleSystem.Catalog.dll;{C1E7B11A-41F1-47A1-9EBB-4F6E11E42B5E}|Hidistro.SaleSystem.Member.dll;{04AFBE1A-4468-465F-AED7-E81B8DF1233B}|Hidistro.Subsites.Comments.dll;{128B84A6-2744-4260-A369-FD4665257CDC}|Hidistro.Subsites.Commodities.dll;{EE04DD15-44DC-4399-A7B5-2B6364DA3118}|Hidistro.Subsites.Members.dll;{99A2FA29-2FBD-49BF-8922-C17988201946}|Hidistro.Subsites.Promotions.dll;{B3F14129-716B-440D-969E-EB0353490A82}|Hidistro.Subsites.Sales.dll;{DCEF0FA8-D932-488A-974E-AF79DFF1EF6A}|Hidistro.Subsites.Store.dll;{F0EF7F8B-F23D-4165-80B7-239BCE0AF80D}|Hidistro.Membership.Context.dll;"
		Debug.AspNetCompiler.VirtualPath = "/Hidistro.UI.Web"
		Debug.AspNetCompiler.PhysicalPath = "Hidistro.UI.Web\"
		Debug.AspNetCompiler.TargetPath = "PrecompiledWeb\Hidistro.UI.Web\"
		Debug.AspNetCompiler.Updateable = "true"
		Debug.AspNetCompiler.ForceOverwrite = "true"
		Debug.AspNetCompiler.FixedNames = "false"
		Debug.AspNetCompiler.Debug = "True"
		Release.AspNetCompiler.VirtualPath = "/Hidistro.UI.Web"
		Release.AspNetCompiler.PhysicalPath = "Hidistro.UI.Web\"
		Release.AspNetCompiler.TargetPath = "PrecompiledWeb\Hidistro.UI.Web\"
		Release.AspNetCompiler.Updateable = "true"
		Release.AspNetCompiler.ForceOverwrite = "true"
		Release.AspNetCompiler.FixedNames = "false"
		Release.AspNetCompiler.Debug = "False"
		VWDPort = "2651"
		VWDDynamicPort = "true"
		VWDVirtualPath = "/shopfx20"
	EndProjectSection
EndProject
Project("{FAE04EC0-301F-11D3-BF4B-00C04F79EFBC}") = "Hidistro.Entities", "Hidistro.Entities\Hidistro.Entities.csproj", "{B2B18F62-C764-4392-9CA9-46A4EAA84CA1}"
EndProject
Project("{2CFEAB61-6A3B-4EB8-B523-560B4BEEF521}") = "Hidistro.UI.Web_deploy", "Hidistro.UI.Web_deploy\Hidistro.UI.Web_deploy.wdproj", "{BEFBC23C-7E3A-4750-939B-46863CD33BB3}"
EndProject
Project("{FAE04EC0-301F-11D3-BF4B-00C04F79EFBC}") = "Hishop.Transfers", "Hishop.Transfers\Hishop.Transfers.csproj", "{F39F28D8-A1D8-457D-ADA0-5F17EF4E0E33}"
EndProject
Project("{FAE04EC0-301F-11D3-BF4B-00C04F79EFBC}") = "UploadDemo", "UploadDemo\UploadDemo.csproj", "{06C53435-AD9B-4FAE-89B3-259B68D85474}"
EndProject
Global
	GlobalSection(SolutionConfigurationPlatforms) = preSolution
		Debug|.NET = Debug|.NET
		Debug|Any CPU = Debug|Any CPU
		Debug|Mixed Platforms = Debug|Mixed Platforms
		Debug|x86 = Debug|x86
		Release|.NET = Release|.NET
		Release|Any CPU = Release|Any CPU
		Release|Mixed Platforms = Release|Mixed Platforms
		Release|x86 = Release|x86
	EndGlobalSection
	GlobalSection(ProjectConfigurationPlatforms) = postSolution
		{6F49E50A-6EF7-427E-9C0E-7230E49BFE91}.Debug|.NET.ActiveCfg = Debug|x86
		{6F49E50A-6EF7-427E-9C0E-7230E49BFE91}.Debug|Any CPU.ActiveCfg = Debug|x86
		{6F49E50A-6EF7-427E-9C0E-7230E49BFE91}.Debug|Mixed Platforms.ActiveCfg = Debug|x86
		{6F49E50A-6EF7-427E-9C0E-7230E49BFE91}.Debug|x86.ActiveCfg = Debug|x86
		{6F49E50A-6EF7-427E-9C0E-7230E49BFE91}.Debug|x86.Build.0 = Debug|x86
		{6F49E50A-6EF7-427E-9C0E-7230E49BFE91}.Release|.NET.ActiveCfg = Release|x86
		{6F49E50A-6EF7-427E-9C0E-7230E49BFE91}.Release|Any CPU.ActiveCfg = Release|x86
		{6F49E50A-6EF7-427E-9C0E-7230E49BFE91}.Release|Mixed Platforms.ActiveCfg = Release|x86
		{6F49E50A-6EF7-427E-9C0E-7230E49BFE91}.Release|Mixed Platforms.Build.0 = Release|x86
		{6F49E50A-6EF7-427E-9C0E-7230E49BFE91}.Release|x86.ActiveCfg = Release|x86
		{EE9C6934-9C47-43AC-B2B6-BCC865E281B5}.Debug|.NET.ActiveCfg = Debug|x86
		{EE9C6934-9C47-43AC-B2B6-BCC865E281B5}.Debug|Any CPU.ActiveCfg = Debug|x86
		{EE9C6934-9C47-43AC-B2B6-BCC865E281B5}.Debug|Mixed Platforms.ActiveCfg = Debug|x86
		{EE9C6934-9C47-43AC-B2B6-BCC865E281B5}.Debug|x86.ActiveCfg = Debug|x86
		{EE9C6934-9C47-43AC-B2B6-BCC865E281B5}.Debug|x86.Build.0 = Debug|x86
		{EE9C6934-9C47-43AC-B2B6-BCC865E281B5}.Release|.NET.ActiveCfg = Release|x86
		{EE9C6934-9C47-43AC-B2B6-BCC865E281B5}.Release|Any CPU.ActiveCfg = Release|x86
		{EE9C6934-9C47-43AC-B2B6-BCC865E281B5}.Release|Mixed Platforms.ActiveCfg = Release|x86
		{EE9C6934-9C47-43AC-B2B6-BCC865E281B5}.Release|Mixed Platforms.Build.0 = Release|x86
		{EE9C6934-9C47-43AC-B2B6-BCC865E281B5}.Release|x86.ActiveCfg = Release|x86
		{2496E797-6BE8-4037-B952-A5B83DB3005E}.Debug|.NET.ActiveCfg = Debug|x86
		{2496E797-6BE8-4037-B952-A5B83DB3005E}.Debug|Any CPU.ActiveCfg = Debug|x86
		{2496E797-6BE8-4037-B952-A5B83DB3005E}.Debug|Mixed Platforms.ActiveCfg = Debug|x86
		{2496E797-6BE8-4037-B952-A5B83DB3005E}.Debug|x86.ActiveCfg = Debug|x86
		{2496E797-6BE8-4037-B952-A5B83DB3005E}.Debug|x86.Build.0 = Debug|x86
		{2496E797-6BE8-4037-B952-A5B83DB3005E}.Release|.NET.ActiveCfg = Release|x86
		{2496E797-6BE8-4037-B952-A5B83DB3005E}.Release|Any CPU.ActiveCfg = Release|x86
		{2496E797-6BE8-4037-B952-A5B83DB3005E}.Release|Mixed Platforms.ActiveCfg = Release|x86
		{2496E797-6BE8-4037-B952-A5B83DB3005E}.Release|Mixed Platforms.Build.0 = Release|x86
		{2496E797-6BE8-4037-B952-A5B83DB3005E}.Release|x86.ActiveCfg = Release|x86
		{6A8A4C33-D0DA-48BC-AA86-1C84BE5ABDDA}.Debug|.NET.ActiveCfg = Debug|x86
		{6A8A4C33-D0DA-48BC-AA86-1C84BE5ABDDA}.Debug|Any CPU.ActiveCfg = Debug|x86
		{6A8A4C33-D0DA-48BC-AA86-1C84BE5ABDDA}.Debug|Mixed Platforms.ActiveCfg = Debug|x86
		{6A8A4C33-D0DA-48BC-AA86-1C84BE5ABDDA}.Debug|x86.ActiveCfg = Debug|x86
		{6A8A4C33-D0DA-48BC-AA86-1C84BE5ABDDA}.Debug|x86.Build.0 = Debug|x86
		{6A8A4C33-D0DA-48BC-AA86-1C84BE5ABDDA}.Release|.NET.ActiveCfg = Release|x86
		{6A8A4C33-D0DA-48BC-AA86-1C84BE5ABDDA}.Release|Any CPU.ActiveCfg = Release|x86
		{6A8A4C33-D0DA-48BC-AA86-1C84BE5ABDDA}.Release|Mixed Platforms.ActiveCfg = Release|x86
		{6A8A4C33-D0DA-48BC-AA86-1C84BE5ABDDA}.Release|Mixed Platforms.Build.0 = Release|x86
		{6A8A4C33-D0DA-48BC-AA86-1C84BE5ABDDA}.Release|x86.ActiveCfg = Release|x86
		{04812FC6-7C9F-4DBA-8788-DE5380D30F4C}.Debug|.NET.ActiveCfg = Debug|x86
		{04812FC6-7C9F-4DBA-8788-DE5380D30F4C}.Debug|Any CPU.ActiveCfg = Debug|x86
		{04812FC6-7C9F-4DBA-8788-DE5380D30F4C}.Debug|Mixed Platforms.ActiveCfg = Debug|x86
		{04812FC6-7C9F-4DBA-8788-DE5380D30F4C}.Debug|x86.ActiveCfg = Debug|x86
		{04812FC6-7C9F-4DBA-8788-DE5380D30F4C}.Debug|x86.Build.0 = Debug|x86
		{04812FC6-7C9F-4DBA-8788-DE5380D30F4C}.Release|.NET.ActiveCfg = Release|x86
		{04812FC6-7C9F-4DBA-8788-DE5380D30F4C}.Release|Any CPU.ActiveCfg = Release|x86
		{04812FC6-7C9F-4DBA-8788-DE5380D30F4C}.Release|Mixed Platforms.ActiveCfg = Release|x86
		{04812FC6-7C9F-4DBA-8788-DE5380D30F4C}.Release|Mixed Platforms.Build.0 = Release|x86
		{04812FC6-7C9F-4DBA-8788-DE5380D30F4C}.Release|x86.ActiveCfg = Release|x86
		{C49D9036-AB76-4F0A-A83C-88CD93A0149C}.Debug|.NET.ActiveCfg = Debug|x86
		{C49D9036-AB76-4F0A-A83C-88CD93A0149C}.Debug|Any CPU.ActiveCfg = Debug|x86
		{C49D9036-AB76-4F0A-A83C-88CD93A0149C}.Debug|Mixed Platforms.ActiveCfg = Debug|x86
		{C49D9036-AB76-4F0A-A83C-88CD93A0149C}.Debug|x86.ActiveCfg = Debug|x86
		{C49D9036-AB76-4F0A-A83C-88CD93A0149C}.Debug|x86.Build.0 = Debug|x86
		{C49D9036-AB76-4F0A-A83C-88CD93A0149C}.Release|.NET.ActiveCfg = Release|x86
		{C49D9036-AB76-4F0A-A83C-88CD93A0149C}.Release|Any CPU.ActiveCfg = Release|x86
		{C49D9036-AB76-4F0A-A83C-88CD93A0149C}.Release|Mixed Platforms.ActiveCfg = Release|x86
		{C49D9036-AB76-4F0A-A83C-88CD93A0149C}.Release|Mixed Platforms.Build.0 = Release|x86
		{C49D9036-AB76-4F0A-A83C-88CD93A0149C}.Release|x86.ActiveCfg = Release|x86
		{81F9D68B-DC11-41BE-9BD9-3EDA19E48429}.Debug|.NET.ActiveCfg = Debug|x86
		{81F9D68B-DC11-41BE-9BD9-3EDA19E48429}.Debug|Any CPU.ActiveCfg = Debug|x86
		{81F9D68B-DC11-41BE-9BD9-3EDA19E48429}.Debug|Mixed Platforms.ActiveCfg = Debug|x86
		{81F9D68B-DC11-41BE-9BD9-3EDA19E48429}.Debug|x86.ActiveCfg = Debug|x86
		{81F9D68B-DC11-41BE-9BD9-3EDA19E48429}.Debug|x86.Build.0 = Debug|x86
		{81F9D68B-DC11-41BE-9BD9-3EDA19E48429}.Release|.NET.ActiveCfg = Release|x86
		{81F9D68B-DC11-41BE-9BD9-3EDA19E48429}.Release|Any CPU.ActiveCfg = Release|x86
		{81F9D68B-DC11-41BE-9BD9-3EDA19E48429}.Release|Mixed Platforms.ActiveCfg = Release|x86
		{81F9D68B-DC11-41BE-9BD9-3EDA19E48429}.Release|Mixed Platforms.Build.0 = Release|x86
		{81F9D68B-DC11-41BE-9BD9-3EDA19E48429}.Release|x86.ActiveCfg = Release|x86
		{6ACA1B62-4FB2-40C2-AA6D-BB378C1CABD9}.Debug|.NET.ActiveCfg = Debug|x86
		{6ACA1B62-4FB2-40C2-AA6D-BB378C1CABD9}.Debug|Any CPU.ActiveCfg = Debug|x86
		{6ACA1B62-4FB2-40C2-AA6D-BB378C1CABD9}.Debug|Mixed Platforms.ActiveCfg = Debug|x86
		{6ACA1B62-4FB2-40C2-AA6D-BB378C1CABD9}.Debug|x86.ActiveCfg = Debug|x86
		{6ACA1B62-4FB2-40C2-AA6D-BB378C1CABD9}.Debug|x86.Build.0 = Debug|x86
		{6ACA1B62-4FB2-40C2-AA6D-BB378C1CABD9}.Release|.NET.ActiveCfg = Release|x86
		{6ACA1B62-4FB2-40C2-AA6D-BB378C1CABD9}.Release|Any CPU.ActiveCfg = Release|x86
		{6ACA1B62-4FB2-40C2-AA6D-BB378C1CABD9}.Release|Mixed Platforms.ActiveCfg = Release|x86
		{6ACA1B62-4FB2-40C2-AA6D-BB378C1CABD9}.Release|Mixed Platforms.Build.0 = Release|x86
		{6ACA1B62-4FB2-40C2-AA6D-BB378C1CABD9}.Release|x86.ActiveCfg = Release|x86
		{F89494D7-D3EE-48E6-8E4F-E66D52E92A6D}.Debug|.NET.ActiveCfg = Debug|x86
		{F89494D7-D3EE-48E6-8E4F-E66D52E92A6D}.Debug|Any CPU.ActiveCfg = Debug|x86
		{F89494D7-D3EE-48E6-8E4F-E66D52E92A6D}.Debug|Mixed Platforms.ActiveCfg = Debug|x86
		{F89494D7-D3EE-48E6-8E4F-E66D52E92A6D}.Debug|x86.ActiveCfg = Debug|x86
		{F89494D7-D3EE-48E6-8E4F-E66D52E92A6D}.Debug|x86.Build.0 = Debug|x86
		{F89494D7-D3EE-48E6-8E4F-E66D52E92A6D}.Release|.NET.ActiveCfg = Release|x86
		{F89494D7-D3EE-48E6-8E4F-E66D52E92A6D}.Release|Any CPU.ActiveCfg = Release|x86
		{F89494D7-D3EE-48E6-8E4F-E66D52E92A6D}.Release|Mixed Platforms.ActiveCfg = Release|x86
		{F89494D7-D3EE-48E6-8E4F-E66D52E92A6D}.Release|Mixed Platforms.Build.0 = Release|x86
		{F89494D7-D3EE-48E6-8E4F-E66D52E92A6D}.Release|x86.ActiveCfg = Release|x86
		{4839229C-1D3D-4AD4-8480-DE3C615AAA9E}.Debug|.NET.ActiveCfg = Debug|x86
		{4839229C-1D3D-4AD4-8480-DE3C615AAA9E}.Debug|Any CPU.ActiveCfg = Debug|x86
		{4839229C-1D3D-4AD4-8480-DE3C615AAA9E}.Debug|Mixed Platforms.ActiveCfg = Debug|x86
		{4839229C-1D3D-4AD4-8480-DE3C615AAA9E}.Debug|x86.ActiveCfg = Debug|x86
		{4839229C-1D3D-4AD4-8480-DE3C615AAA9E}.Debug|x86.Build.0 = Debug|x86
		{4839229C-1D3D-4AD4-8480-DE3C615AAA9E}.Release|.NET.ActiveCfg = Release|x86
		{4839229C-1D3D-4AD4-8480-DE3C615AAA9E}.Release|Any CPU.ActiveCfg = Release|x86
		{4839229C-1D3D-4AD4-8480-DE3C615AAA9E}.Release|Mixed Platforms.ActiveCfg = Release|x86
		{4839229C-1D3D-4AD4-8480-DE3C615AAA9E}.Release|Mixed Platforms.Build.0 = Release|x86
		{4839229C-1D3D-4AD4-8480-DE3C615AAA9E}.Release|x86.ActiveCfg = Release|x86
		{06B7230A-5350-4815-BB43-206338AEEEF9}.Debug|.NET.ActiveCfg = Debug|x86
		{06B7230A-5350-4815-BB43-206338AEEEF9}.Debug|Any CPU.ActiveCfg = Debug|x86
		{06B7230A-5350-4815-BB43-206338AEEEF9}.Debug|Mixed Platforms.ActiveCfg = Debug|x86
		{06B7230A-5350-4815-BB43-206338AEEEF9}.Debug|x86.ActiveCfg = Debug|x86
		{06B7230A-5350-4815-BB43-206338AEEEF9}.Debug|x86.Build.0 = Debug|x86
		{06B7230A-5350-4815-BB43-206338AEEEF9}.Release|.NET.ActiveCfg = Release|x86
		{06B7230A-5350-4815-BB43-206338AEEEF9}.Release|Any CPU.ActiveCfg = Release|x86
		{06B7230A-5350-4815-BB43-206338AEEEF9}.Release|Mixed Platforms.ActiveCfg = Release|x86
		{06B7230A-5350-4815-BB43-206338AEEEF9}.Release|Mixed Platforms.Build.0 = Release|x86
		{06B7230A-5350-4815-BB43-206338AEEEF9}.Release|x86.ActiveCfg = Release|x86
		{C1E7B11A-41F1-47A1-9EBB-4F6E11E42B5E}.Debug|.NET.ActiveCfg = Debug|x86
		{C1E7B11A-41F1-47A1-9EBB-4F6E11E42B5E}.Debug|Any CPU.ActiveCfg = Debug|x86
		{C1E7B11A-41F1-47A1-9EBB-4F6E11E42B5E}.Debug|Mixed Platforms.ActiveCfg = Debug|x86
		{C1E7B11A-41F1-47A1-9EBB-4F6E11E42B5E}.Debug|x86.ActiveCfg = Debug|x86
		{C1E7B11A-41F1-47A1-9EBB-4F6E11E42B5E}.Debug|x86.Build.0 = Debug|x86
		{C1E7B11A-41F1-47A1-9EBB-4F6E11E42B5E}.Release|.NET.ActiveCfg = Release|x86
		{C1E7B11A-41F1-47A1-9EBB-4F6E11E42B5E}.Release|Any CPU.ActiveCfg = Release|x86
		{C1E7B11A-41F1-47A1-9EBB-4F6E11E42B5E}.Release|Mixed Platforms.ActiveCfg = Release|x86
		{C1E7B11A-41F1-47A1-9EBB-4F6E11E42B5E}.Release|Mixed Platforms.Build.0 = Release|x86
		{C1E7B11A-41F1-47A1-9EBB-4F6E11E42B5E}.Release|x86.ActiveCfg = Release|x86
		{9B88E294-28E9-43ED-B68B-FE637C4EE0A7}.Debug|.NET.ActiveCfg = Debug|x86
		{9B88E294-28E9-43ED-B68B-FE637C4EE0A7}.Debug|Any CPU.ActiveCfg = Debug|x86
		{9B88E294-28E9-43ED-B68B-FE637C4EE0A7}.Debug|Mixed Platforms.ActiveCfg = Debug|x86
		{9B88E294-28E9-43ED-B68B-FE637C4EE0A7}.Debug|x86.ActiveCfg = Debug|x86
		{9B88E294-28E9-43ED-B68B-FE637C4EE0A7}.Debug|x86.Build.0 = Debug|x86
		{9B88E294-28E9-43ED-B68B-FE637C4EE0A7}.Release|.NET.ActiveCfg = Release|x86
		{9B88E294-28E9-43ED-B68B-FE637C4EE0A7}.Release|Any CPU.ActiveCfg = Release|x86
		{9B88E294-28E9-43ED-B68B-FE637C4EE0A7}.Release|Mixed Platforms.ActiveCfg = Release|x86
		{9B88E294-28E9-43ED-B68B-FE637C4EE0A7}.Release|Mixed Platforms.Build.0 = Release|x86
		{9B88E294-28E9-43ED-B68B-FE637C4EE0A7}.Release|x86.ActiveCfg = Release|x86
		{ECC8D1E8-946C-4113-91F4-E47EC4E8E278}.Debug|.NET.ActiveCfg = Debug|x86
		{ECC8D1E8-946C-4113-91F4-E47EC4E8E278}.Debug|Any CPU.ActiveCfg = Debug|x86
		{ECC8D1E8-946C-4113-91F4-E47EC4E8E278}.Debug|Mixed Platforms.ActiveCfg = Debug|x86
		{ECC8D1E8-946C-4113-91F4-E47EC4E8E278}.Debug|x86.ActiveCfg = Debug|x86
		{ECC8D1E8-946C-4113-91F4-E47EC4E8E278}.Debug|x86.Build.0 = Debug|x86
		{ECC8D1E8-946C-4113-91F4-E47EC4E8E278}.Release|.NET.ActiveCfg = Release|x86
		{ECC8D1E8-946C-4113-91F4-E47EC4E8E278}.Release|Any CPU.ActiveCfg = Release|x86
		{ECC8D1E8-946C-4113-91F4-E47EC4E8E278}.Release|Mixed Platforms.ActiveCfg = Release|x86
		{ECC8D1E8-946C-4113-91F4-E47EC4E8E278}.Release|Mixed Platforms.Build.0 = Release|x86
		{ECC8D1E8-946C-4113-91F4-E47EC4E8E278}.Release|x86.ActiveCfg = Release|x86
		{F427F4C5-EC23-4D3B-8D6E-355EE79941EB}.Debug|.NET.ActiveCfg = Debug|x86
		{F427F4C5-EC23-4D3B-8D6E-355EE79941EB}.Debug|Any CPU.ActiveCfg = Debug|x86
		{F427F4C5-EC23-4D3B-8D6E-355EE79941EB}.Debug|Mixed Platforms.ActiveCfg = Debug|x86
		{F427F4C5-EC23-4D3B-8D6E-355EE79941EB}.Debug|x86.ActiveCfg = Debug|x86
		{F427F4C5-EC23-4D3B-8D6E-355EE79941EB}.Debug|x86.Build.0 = Debug|x86
		{F427F4C5-EC23-4D3B-8D6E-355EE79941EB}.Release|.NET.ActiveCfg = Release|x86
		{F427F4C5-EC23-4D3B-8D6E-355EE79941EB}.Release|Any CPU.ActiveCfg = Release|x86
		{F427F4C5-EC23-4D3B-8D6E-355EE79941EB}.Release|Mixed Platforms.ActiveCfg = Release|x86
		{F427F4C5-EC23-4D3B-8D6E-355EE79941EB}.Release|Mixed Platforms.Build.0 = Release|x86
		{F427F4C5-EC23-4D3B-8D6E-355EE79941EB}.Release|x86.ActiveCfg = Release|x86
		{CD794D07-16FA-4EFE-904C-F769C7B4EEFC}.Debug|.NET.ActiveCfg = Debug|x86
		{CD794D07-16FA-4EFE-904C-F769C7B4EEFC}.Debug|Any CPU.ActiveCfg = Debug|x86
		{CD794D07-16FA-4EFE-904C-F769C7B4EEFC}.Debug|Mixed Platforms.ActiveCfg = Debug|x86
		{CD794D07-16FA-4EFE-904C-F769C7B4EEFC}.Debug|x86.ActiveCfg = Debug|x86
		{CD794D07-16FA-4EFE-904C-F769C7B4EEFC}.Debug|x86.Build.0 = Debug|x86
		{CD794D07-16FA-4EFE-904C-F769C7B4EEFC}.Release|.NET.ActiveCfg = Release|x86
		{CD794D07-16FA-4EFE-904C-F769C7B4EEFC}.Release|Any CPU.ActiveCfg = Release|x86
		{CD794D07-16FA-4EFE-904C-F769C7B4EEFC}.Release|Mixed Platforms.ActiveCfg = Release|x86
		{CD794D07-16FA-4EFE-904C-F769C7B4EEFC}.Release|Mixed Platforms.Build.0 = Release|x86
		{CD794D07-16FA-4EFE-904C-F769C7B4EEFC}.Release|x86.ActiveCfg = Release|x86
		{4D6F5771-A091-41CA-B07C-6F338D270E4D}.Debug|.NET.ActiveCfg = Debug|x86
		{4D6F5771-A091-41CA-B07C-6F338D270E4D}.Debug|Any CPU.ActiveCfg = Debug|x86
		{4D6F5771-A091-41CA-B07C-6F338D270E4D}.Debug|Mixed Platforms.ActiveCfg = Debug|x86
		{4D6F5771-A091-41CA-B07C-6F338D270E4D}.Debug|x86.ActiveCfg = Debug|x86
		{4D6F5771-A091-41CA-B07C-6F338D270E4D}.Debug|x86.Build.0 = Debug|x86
		{4D6F5771-A091-41CA-B07C-6F338D270E4D}.Release|.NET.ActiveCfg = Release|x86
		{4D6F5771-A091-41CA-B07C-6F338D270E4D}.Release|Any CPU.ActiveCfg = Release|x86
		{4D6F5771-A091-41CA-B07C-6F338D270E4D}.Release|Mixed Platforms.ActiveCfg = Release|x86
		{4D6F5771-A091-41CA-B07C-6F338D270E4D}.Release|Mixed Platforms.Build.0 = Release|x86
		{4D6F5771-A091-41CA-B07C-6F338D270E4D}.Release|x86.ActiveCfg = Release|x86
		{411CC0FF-C4BC-40A2-95C7-DEE4FD7B2C15}.Debug|.NET.ActiveCfg = Debug|x86
		{411CC0FF-C4BC-40A2-95C7-DEE4FD7B2C15}.Debug|Any CPU.ActiveCfg = Debug|x86
		{411CC0FF-C4BC-40A2-95C7-DEE4FD7B2C15}.Debug|Mixed Platforms.ActiveCfg = Debug|x86
		{411CC0FF-C4BC-40A2-95C7-DEE4FD7B2C15}.Debug|x86.ActiveCfg = Debug|x86
		{411CC0FF-C4BC-40A2-95C7-DEE4FD7B2C15}.Debug|x86.Build.0 = Debug|x86
		{411CC0FF-C4BC-40A2-95C7-DEE4FD7B2C15}.Release|.NET.ActiveCfg = Release|x86
		{411CC0FF-C4BC-40A2-95C7-DEE4FD7B2C15}.Release|Any CPU.ActiveCfg = Release|x86
		{411CC0FF-C4BC-40A2-95C7-DEE4FD7B2C15}.Release|Mixed Platforms.ActiveCfg = Release|x86
		{411CC0FF-C4BC-40A2-95C7-DEE4FD7B2C15}.Release|Mixed Platforms.Build.0 = Release|x86
		{411CC0FF-C4BC-40A2-95C7-DEE4FD7B2C15}.Release|x86.ActiveCfg = Release|x86
		{75AC2B62-1C91-48FC-BC81-9765FC799F6F}.Debug|.NET.ActiveCfg = Debug|x86
		{75AC2B62-1C91-48FC-BC81-9765FC799F6F}.Debug|Any CPU.ActiveCfg = Debug|x86
		{75AC2B62-1C91-48FC-BC81-9765FC799F6F}.Debug|Mixed Platforms.ActiveCfg = Debug|x86
		{75AC2B62-1C91-48FC-BC81-9765FC799F6F}.Debug|x86.ActiveCfg = Debug|x86
		{75AC2B62-1C91-48FC-BC81-9765FC799F6F}.Debug|x86.Build.0 = Debug|x86
		{75AC2B62-1C91-48FC-BC81-9765FC799F6F}.Release|.NET.ActiveCfg = Release|x86
		{75AC2B62-1C91-48FC-BC81-9765FC799F6F}.Release|Any CPU.ActiveCfg = Release|x86
		{75AC2B62-1C91-48FC-BC81-9765FC799F6F}.Release|Mixed Platforms.ActiveCfg = Release|x86
		{75AC2B62-1C91-48FC-BC81-9765FC799F6F}.Release|Mixed Platforms.Build.0 = Release|x86
		{75AC2B62-1C91-48FC-BC81-9765FC799F6F}.Release|x86.ActiveCfg = Release|x86
		{DBCFF2ED-583D-4541-BBBC-DC84E20A26BC}.Debug|.NET.ActiveCfg = Debug|x86
		{DBCFF2ED-583D-4541-BBBC-DC84E20A26BC}.Debug|Any CPU.ActiveCfg = Debug|x86
		{DBCFF2ED-583D-4541-BBBC-DC84E20A26BC}.Debug|Mixed Platforms.ActiveCfg = Debug|x86
		{DBCFF2ED-583D-4541-BBBC-DC84E20A26BC}.Debug|x86.ActiveCfg = Debug|x86
		{DBCFF2ED-583D-4541-BBBC-DC84E20A26BC}.Debug|x86.Build.0 = Debug|x86
		{DBCFF2ED-583D-4541-BBBC-DC84E20A26BC}.Release|.NET.ActiveCfg = Release|x86
		{DBCFF2ED-583D-4541-BBBC-DC84E20A26BC}.Release|Any CPU.ActiveCfg = Release|x86
		{DBCFF2ED-583D-4541-BBBC-DC84E20A26BC}.Release|Mixed Platforms.ActiveCfg = Release|x86
		{DBCFF2ED-583D-4541-BBBC-DC84E20A26BC}.Release|Mixed Platforms.Build.0 = Release|x86
		{DBCFF2ED-583D-4541-BBBC-DC84E20A26BC}.Release|x86.ActiveCfg = Release|x86
		{B3F14129-716B-440D-969E-EB0353490A82}.Debug|.NET.ActiveCfg = Debug|x86
		{B3F14129-716B-440D-969E-EB0353490A82}.Debug|Any CPU.ActiveCfg = Debug|x86
		{B3F14129-716B-440D-969E-EB0353490A82}.Debug|Mixed Platforms.ActiveCfg = Debug|x86
		{B3F14129-716B-440D-969E-EB0353490A82}.Debug|Mixed Platforms.Build.0 = Debug|x86
		{B3F14129-716B-440D-969E-EB0353490A82}.Debug|x86.ActiveCfg = Debug|x86
		{B3F14129-716B-440D-969E-EB0353490A82}.Debug|x86.Build.0 = Debug|x86
		{B3F14129-716B-440D-969E-EB0353490A82}.Release|.NET.ActiveCfg = Release|x86
		{B3F14129-716B-440D-969E-EB0353490A82}.Release|Any CPU.ActiveCfg = Release|x86
		{B3F14129-716B-440D-969E-EB0353490A82}.Release|Mixed Platforms.ActiveCfg = Release|x86
		{B3F14129-716B-440D-969E-EB0353490A82}.Release|Mixed Platforms.Build.0 = Release|x86
		{B3F14129-716B-440D-969E-EB0353490A82}.Release|x86.ActiveCfg = Release|x86
		{EE04DD15-44DC-4399-A7B5-2B6364DA3118}.Debug|.NET.ActiveCfg = Debug|x86
		{EE04DD15-44DC-4399-A7B5-2B6364DA3118}.Debug|Any CPU.ActiveCfg = Debug|x86
		{EE04DD15-44DC-4399-A7B5-2B6364DA3118}.Debug|Mixed Platforms.ActiveCfg = Debug|x86
		{EE04DD15-44DC-4399-A7B5-2B6364DA3118}.Debug|x86.ActiveCfg = Debug|x86
		{EE04DD15-44DC-4399-A7B5-2B6364DA3118}.Debug|x86.Build.0 = Debug|x86
		{EE04DD15-44DC-4399-A7B5-2B6364DA3118}.Release|.NET.ActiveCfg = Release|x86
		{EE04DD15-44DC-4399-A7B5-2B6364DA3118}.Release|Any CPU.ActiveCfg = Release|x86
		{EE04DD15-44DC-4399-A7B5-2B6364DA3118}.Release|Mixed Platforms.ActiveCfg = Release|x86
		{EE04DD15-44DC-4399-A7B5-2B6364DA3118}.Release|Mixed Platforms.Build.0 = Release|x86
		{EE04DD15-44DC-4399-A7B5-2B6364DA3118}.Release|x86.ActiveCfg = Release|x86
		{DCEF0FA8-D932-488A-974E-AF79DFF1EF6A}.Debug|.NET.ActiveCfg = Debug|x86
		{DCEF0FA8-D932-488A-974E-AF79DFF1EF6A}.Debug|Any CPU.ActiveCfg = Debug|x86
		{DCEF0FA8-D932-488A-974E-AF79DFF1EF6A}.Debug|Mixed Platforms.ActiveCfg = Debug|x86
		{DCEF0FA8-D932-488A-974E-AF79DFF1EF6A}.Debug|Mixed Platforms.Build.0 = Debug|x86
		{DCEF0FA8-D932-488A-974E-AF79DFF1EF6A}.Debug|x86.ActiveCfg = Debug|x86
		{DCEF0FA8-D932-488A-974E-AF79DFF1EF6A}.Debug|x86.Build.0 = Debug|x86
		{DCEF0FA8-D932-488A-974E-AF79DFF1EF6A}.Release|.NET.ActiveCfg = Release|x86
		{DCEF0FA8-D932-488A-974E-AF79DFF1EF6A}.Release|Any CPU.ActiveCfg = Release|x86
		{DCEF0FA8-D932-488A-974E-AF79DFF1EF6A}.Release|Mixed Platforms.ActiveCfg = Release|x86
		{DCEF0FA8-D932-488A-974E-AF79DFF1EF6A}.Release|Mixed Platforms.Build.0 = Release|x86
		{DCEF0FA8-D932-488A-974E-AF79DFF1EF6A}.Release|x86.ActiveCfg = Release|x86
		{99A2FA29-2FBD-49BF-8922-C17988201946}.Debug|.NET.ActiveCfg = Debug|x86
		{99A2FA29-2FBD-49BF-8922-C17988201946}.Debug|Any CPU.ActiveCfg = Debug|x86
		{99A2FA29-2FBD-49BF-8922-C17988201946}.Debug|Mixed Platforms.ActiveCfg = Debug|x86
		{99A2FA29-2FBD-49BF-8922-C17988201946}.Debug|x86.ActiveCfg = Debug|x86
		{99A2FA29-2FBD-49BF-8922-C17988201946}.Debug|x86.Build.0 = Debug|x86
		{99A2FA29-2FBD-49BF-8922-C17988201946}.Release|.NET.ActiveCfg = Release|x86
		{99A2FA29-2FBD-49BF-8922-C17988201946}.Release|Any CPU.ActiveCfg = Release|x86
		{99A2FA29-2FBD-49BF-8922-C17988201946}.Release|Mixed Platforms.ActiveCfg = Release|x86
		{99A2FA29-2FBD-49BF-8922-C17988201946}.Release|Mixed Platforms.Build.0 = Release|x86
		{99A2FA29-2FBD-49BF-8922-C17988201946}.Release|x86.ActiveCfg = Release|x86
		{128B84A6-2744-4260-A369-FD4665257CDC}.Debug|.NET.ActiveCfg = Debug|x86
		{128B84A6-2744-4260-A369-FD4665257CDC}.Debug|Any CPU.ActiveCfg = Debug|x86
		{128B84A6-2744-4260-A369-FD4665257CDC}.Debug|Mixed Platforms.ActiveCfg = Debug|x86
		{128B84A6-2744-4260-A369-FD4665257CDC}.Debug|x86.ActiveCfg = Debug|x86
		{128B84A6-2744-4260-A369-FD4665257CDC}.Debug|x86.Build.0 = Debug|x86
		{128B84A6-2744-4260-A369-FD4665257CDC}.Release|.NET.ActiveCfg = Release|x86
		{128B84A6-2744-4260-A369-FD4665257CDC}.Release|Any CPU.ActiveCfg = Release|x86
		{128B84A6-2744-4260-A369-FD4665257CDC}.Release|Mixed Platforms.ActiveCfg = Release|x86
		{128B84A6-2744-4260-A369-FD4665257CDC}.Release|Mixed Platforms.Build.0 = Release|x86
		{128B84A6-2744-4260-A369-FD4665257CDC}.Release|x86.ActiveCfg = Release|x86
		{04AFBE1A-4468-465F-AED7-E81B8DF1233B}.Debug|.NET.ActiveCfg = Debug|x86
		{04AFBE1A-4468-465F-AED7-E81B8DF1233B}.Debug|Any CPU.ActiveCfg = Debug|x86
		{04AFBE1A-4468-465F-AED7-E81B8DF1233B}.Debug|Mixed Platforms.ActiveCfg = Debug|x86
		{04AFBE1A-4468-465F-AED7-E81B8DF1233B}.Debug|x86.ActiveCfg = Debug|x86
		{04AFBE1A-4468-465F-AED7-E81B8DF1233B}.Debug|x86.Build.0 = Debug|x86
		{04AFBE1A-4468-465F-AED7-E81B8DF1233B}.Release|.NET.ActiveCfg = Release|x86
		{04AFBE1A-4468-465F-AED7-E81B8DF1233B}.Release|Any CPU.ActiveCfg = Release|x86
		{04AFBE1A-4468-465F-AED7-E81B8DF1233B}.Release|Mixed Platforms.ActiveCfg = Release|x86
		{04AFBE1A-4468-465F-AED7-E81B8DF1233B}.Release|Mixed Platforms.Build.0 = Release|x86
		{04AFBE1A-4468-465F-AED7-E81B8DF1233B}.Release|x86.ActiveCfg = Release|x86
		{999B0AD3-C058-40E7-90DB-E5482FBDCF34}.Debug|.NET.ActiveCfg = Debug|x86
		{999B0AD3-C058-40E7-90DB-E5482FBDCF34}.Debug|Any CPU.ActiveCfg = Debug|x86
		{999B0AD3-C058-40E7-90DB-E5482FBDCF34}.Debug|Mixed Platforms.ActiveCfg = Debug|x86
		{999B0AD3-C058-40E7-90DB-E5482FBDCF34}.Debug|x86.ActiveCfg = Debug|x86
		{999B0AD3-C058-40E7-90DB-E5482FBDCF34}.Debug|x86.Build.0 = Debug|x86
		{999B0AD3-C058-40E7-90DB-E5482FBDCF34}.Release|.NET.ActiveCfg = Release|x86
		{999B0AD3-C058-40E7-90DB-E5482FBDCF34}.Release|Any CPU.ActiveCfg = Release|x86
		{999B0AD3-C058-40E7-90DB-E5482FBDCF34}.Release|Mixed Platforms.ActiveCfg = Release|x86
		{999B0AD3-C058-40E7-90DB-E5482FBDCF34}.Release|Mixed Platforms.Build.0 = Release|x86
		{999B0AD3-C058-40E7-90DB-E5482FBDCF34}.Release|x86.ActiveCfg = Release|x86
		{F84997FE-0036-4939-B14F-C2DFA9A02777}.Debug|.NET.ActiveCfg = Debug|x86
		{F84997FE-0036-4939-B14F-C2DFA9A02777}.Debug|Any CPU.ActiveCfg = Debug|x86
		{F84997FE-0036-4939-B14F-C2DFA9A02777}.Debug|Mixed Platforms.ActiveCfg = Debug|x86
		{F84997FE-0036-4939-B14F-C2DFA9A02777}.Debug|x86.ActiveCfg = Debug|x86
		{F84997FE-0036-4939-B14F-C2DFA9A02777}.Debug|x86.Build.0 = Debug|x86
		{F84997FE-0036-4939-B14F-C2DFA9A02777}.Release|.NET.ActiveCfg = Release|x86
		{F84997FE-0036-4939-B14F-C2DFA9A02777}.Release|Any CPU.ActiveCfg = Release|x86
		{F84997FE-0036-4939-B14F-C2DFA9A02777}.Release|Mixed Platforms.ActiveCfg = Release|x86
		{F84997FE-0036-4939-B14F-C2DFA9A02777}.Release|Mixed Platforms.Build.0 = Release|x86
		{F84997FE-0036-4939-B14F-C2DFA9A02777}.Release|x86.ActiveCfg = Release|x86
		{048339A7-65F1-40CE-AD7C-2C3043FB6330}.Debug|.NET.ActiveCfg = Debug|x86
		{048339A7-65F1-40CE-AD7C-2C3043FB6330}.Debug|Any CPU.ActiveCfg = Debug|x86
		{048339A7-65F1-40CE-AD7C-2C3043FB6330}.Debug|Mixed Platforms.ActiveCfg = Debug|x86
		{048339A7-65F1-40CE-AD7C-2C3043FB6330}.Debug|x86.ActiveCfg = Debug|x86
		{048339A7-65F1-40CE-AD7C-2C3043FB6330}.Debug|x86.Build.0 = Debug|x86
		{048339A7-65F1-40CE-AD7C-2C3043FB6330}.Release|.NET.ActiveCfg = Release|x86
		{048339A7-65F1-40CE-AD7C-2C3043FB6330}.Release|Any CPU.ActiveCfg = Release|x86
		{048339A7-65F1-40CE-AD7C-2C3043FB6330}.Release|Mixed Platforms.ActiveCfg = Release|x86
		{048339A7-65F1-40CE-AD7C-2C3043FB6330}.Release|Mixed Platforms.Build.0 = Release|x86
		{048339A7-65F1-40CE-AD7C-2C3043FB6330}.Release|x86.ActiveCfg = Release|x86
		{C24A63C5-103B-462C-8656-F1C173B3C532}.Debug|.NET.ActiveCfg = Debug|x86
		{C24A63C5-103B-462C-8656-F1C173B3C532}.Debug|Any CPU.ActiveCfg = Debug|x86
		{C24A63C5-103B-462C-8656-F1C173B3C532}.Debug|Mixed Platforms.ActiveCfg = Debug|x86
		{C24A63C5-103B-462C-8656-F1C173B3C532}.Debug|x86.ActiveCfg = Debug|x86
		{C24A63C5-103B-462C-8656-F1C173B3C532}.Debug|x86.Build.0 = Debug|x86
		{C24A63C5-103B-462C-8656-F1C173B3C532}.Release|.NET.ActiveCfg = Release|x86
		{C24A63C5-103B-462C-8656-F1C173B3C532}.Release|Any CPU.ActiveCfg = Release|x86
		{C24A63C5-103B-462C-8656-F1C173B3C532}.Release|Mixed Platforms.ActiveCfg = Release|x86
		{C24A63C5-103B-462C-8656-F1C173B3C532}.Release|Mixed Platforms.Build.0 = Release|x86
		{C24A63C5-103B-462C-8656-F1C173B3C532}.Release|x86.ActiveCfg = Release|x86
		{A679F84E-9D52-43F3-8886-0A16950F2BE6}.Debug|.NET.ActiveCfg = Debug|x86
		{A679F84E-9D52-43F3-8886-0A16950F2BE6}.Debug|Any CPU.ActiveCfg = Debug|x86
		{A679F84E-9D52-43F3-8886-0A16950F2BE6}.Debug|Mixed Platforms.ActiveCfg = Debug|x86
		{A679F84E-9D52-43F3-8886-0A16950F2BE6}.Debug|x86.ActiveCfg = Debug|x86
		{A679F84E-9D52-43F3-8886-0A16950F2BE6}.Debug|x86.Build.0 = Debug|x86
		{A679F84E-9D52-43F3-8886-0A16950F2BE6}.Release|.NET.ActiveCfg = Release|x86
		{A679F84E-9D52-43F3-8886-0A16950F2BE6}.Release|Any CPU.ActiveCfg = Release|x86
		{A679F84E-9D52-43F3-8886-0A16950F2BE6}.Release|Mixed Platforms.ActiveCfg = Release|x86
		{A679F84E-9D52-43F3-8886-0A16950F2BE6}.Release|Mixed Platforms.Build.0 = Release|x86
		{A679F84E-9D52-43F3-8886-0A16950F2BE6}.Release|x86.ActiveCfg = Release|x86
		{BCD12901-64DA-4D34-912F-DEA378C85CF6}.Debug|.NET.ActiveCfg = Debug|x86
		{BCD12901-64DA-4D34-912F-DEA378C85CF6}.Debug|Any CPU.ActiveCfg = Debug|x86
		{BCD12901-64DA-4D34-912F-DEA378C85CF6}.Debug|Mixed Platforms.ActiveCfg = Debug|x86
		{BCD12901-64DA-4D34-912F-DEA378C85CF6}.Debug|x86.ActiveCfg = Debug|x86
		{BCD12901-64DA-4D34-912F-DEA378C85CF6}.Debug|x86.Build.0 = Debug|x86
		{BCD12901-64DA-4D34-912F-DEA378C85CF6}.Release|.NET.ActiveCfg = Release|x86
		{BCD12901-64DA-4D34-912F-DEA378C85CF6}.Release|Any CPU.ActiveCfg = Release|x86
		{BCD12901-64DA-4D34-912F-DEA378C85CF6}.Release|Mixed Platforms.ActiveCfg = Release|x86
		{BCD12901-64DA-4D34-912F-DEA378C85CF6}.Release|Mixed Platforms.Build.0 = Release|x86
		{BCD12901-64DA-4D34-912F-DEA378C85CF6}.Release|x86.ActiveCfg = Release|x86
		{631BB529-88A9-4698-8E97-3BC324641A2C}.Debug|.NET.ActiveCfg = Debug|x86
		{631BB529-88A9-4698-8E97-3BC324641A2C}.Debug|Any CPU.ActiveCfg = Debug|x86
		{631BB529-88A9-4698-8E97-3BC324641A2C}.Debug|Mixed Platforms.ActiveCfg = Debug|x86
		{631BB529-88A9-4698-8E97-3BC324641A2C}.Debug|x86.ActiveCfg = Debug|x86
		{631BB529-88A9-4698-8E97-3BC324641A2C}.Debug|x86.Build.0 = Debug|x86
		{631BB529-88A9-4698-8E97-3BC324641A2C}.Release|.NET.ActiveCfg = Release|x86
		{631BB529-88A9-4698-8E97-3BC324641A2C}.Release|Any CPU.ActiveCfg = Release|x86
		{631BB529-88A9-4698-8E97-3BC324641A2C}.Release|Mixed Platforms.ActiveCfg = Release|x86
		{631BB529-88A9-4698-8E97-3BC324641A2C}.Release|Mixed Platforms.Build.0 = Release|x86
		{631BB529-88A9-4698-8E97-3BC324641A2C}.Release|x86.ActiveCfg = Release|x86
		{E3100865-1EDA-46AE-AEEB-9B863DDEF57A}.Debug|.NET.ActiveCfg = Debug|x86
		{E3100865-1EDA-46AE-AEEB-9B863DDEF57A}.Debug|Any CPU.ActiveCfg = Debug|x86
		{E3100865-1EDA-46AE-AEEB-9B863DDEF57A}.Debug|Mixed Platforms.ActiveCfg = Debug|x86
		{E3100865-1EDA-46AE-AEEB-9B863DDEF57A}.Debug|x86.ActiveCfg = Debug|x86
		{E3100865-1EDA-46AE-AEEB-9B863DDEF57A}.Debug|x86.Build.0 = Debug|x86
		{E3100865-1EDA-46AE-AEEB-9B863DDEF57A}.Release|.NET.ActiveCfg = Release|x86
		{E3100865-1EDA-46AE-AEEB-9B863DDEF57A}.Release|Any CPU.ActiveCfg = Release|x86
		{E3100865-1EDA-46AE-AEEB-9B863DDEF57A}.Release|Mixed Platforms.ActiveCfg = Release|x86
		{E3100865-1EDA-46AE-AEEB-9B863DDEF57A}.Release|Mixed Platforms.Build.0 = Release|x86
		{E3100865-1EDA-46AE-AEEB-9B863DDEF57A}.Release|x86.ActiveCfg = Release|x86
		{607D34D9-99D0-4DE9-82EC-4521FB977B45}.Debug|.NET.ActiveCfg = Debug|x86
		{607D34D9-99D0-4DE9-82EC-4521FB977B45}.Debug|Any CPU.ActiveCfg = Debug|x86
		{607D34D9-99D0-4DE9-82EC-4521FB977B45}.Debug|Mixed Platforms.ActiveCfg = Debug|x86
		{607D34D9-99D0-4DE9-82EC-4521FB977B45}.Debug|x86.ActiveCfg = Debug|x86
		{607D34D9-99D0-4DE9-82EC-4521FB977B45}.Debug|x86.Build.0 = Debug|x86
		{607D34D9-99D0-4DE9-82EC-4521FB977B45}.Release|.NET.ActiveCfg = Release|x86
		{607D34D9-99D0-4DE9-82EC-4521FB977B45}.Release|Any CPU.ActiveCfg = Release|x86
		{607D34D9-99D0-4DE9-82EC-4521FB977B45}.Release|Mixed Platforms.ActiveCfg = Release|x86
		{607D34D9-99D0-4DE9-82EC-4521FB977B45}.Release|Mixed Platforms.Build.0 = Release|x86
		{607D34D9-99D0-4DE9-82EC-4521FB977B45}.Release|x86.ActiveCfg = Release|x86
		{E05D6B6E-C60F-4370-8A89-3DC45222A433}.Debug|.NET.ActiveCfg = Debug|x86
		{E05D6B6E-C60F-4370-8A89-3DC45222A433}.Debug|Any CPU.ActiveCfg = Debug|x86
		{E05D6B6E-C60F-4370-8A89-3DC45222A433}.Debug|Mixed Platforms.ActiveCfg = Debug|x86
		{E05D6B6E-C60F-4370-8A89-3DC45222A433}.Debug|x86.ActiveCfg = Debug|x86
		{E05D6B6E-C60F-4370-8A89-3DC45222A433}.Debug|x86.Build.0 = Debug|x86
		{E05D6B6E-C60F-4370-8A89-3DC45222A433}.Release|.NET.ActiveCfg = Release|x86
		{E05D6B6E-C60F-4370-8A89-3DC45222A433}.Release|Any CPU.ActiveCfg = Release|x86
		{E05D6B6E-C60F-4370-8A89-3DC45222A433}.Release|Mixed Platforms.ActiveCfg = Release|x86
		{E05D6B6E-C60F-4370-8A89-3DC45222A433}.Release|Mixed Platforms.Build.0 = Release|x86
		{E05D6B6E-C60F-4370-8A89-3DC45222A433}.Release|x86.ActiveCfg = Release|x86
		{179AC388-647D-4F5C-8E98-4E1BEA4D27CE}.Debug|.NET.ActiveCfg = Debug|x86
		{179AC388-647D-4F5C-8E98-4E1BEA4D27CE}.Debug|Any CPU.ActiveCfg = Debug|x86
		{179AC388-647D-4F5C-8E98-4E1BEA4D27CE}.Debug|Mixed Platforms.ActiveCfg = Debug|x86
		{179AC388-647D-4F5C-8E98-4E1BEA4D27CE}.Debug|x86.ActiveCfg = Debug|x86
		{179AC388-647D-4F5C-8E98-4E1BEA4D27CE}.Debug|x86.Build.0 = Debug|x86
		{179AC388-647D-4F5C-8E98-4E1BEA4D27CE}.Release|.NET.ActiveCfg = Release|x86
		{179AC388-647D-4F5C-8E98-4E1BEA4D27CE}.Release|Any CPU.ActiveCfg = Release|x86
		{179AC388-647D-4F5C-8E98-4E1BEA4D27CE}.Release|Mixed Platforms.ActiveCfg = Release|x86
		{179AC388-647D-4F5C-8E98-4E1BEA4D27CE}.Release|Mixed Platforms.Build.0 = Release|x86
		{179AC388-647D-4F5C-8E98-4E1BEA4D27CE}.Release|x86.ActiveCfg = Release|x86
		{6397DBD9-9A2F-4C46-875F-3C9C0A1FE1FF}.Debug|.NET.ActiveCfg = Debug|x86
		{6397DBD9-9A2F-4C46-875F-3C9C0A1FE1FF}.Debug|Any CPU.ActiveCfg = Debug|x86
		{6397DBD9-9A2F-4C46-875F-3C9C0A1FE1FF}.Debug|Mixed Platforms.ActiveCfg = Debug|x86
		{6397DBD9-9A2F-4C46-875F-3C9C0A1FE1FF}.Debug|x86.ActiveCfg = Debug|x86
		{6397DBD9-9A2F-4C46-875F-3C9C0A1FE1FF}.Debug|x86.Build.0 = Debug|x86
		{6397DBD9-9A2F-4C46-875F-3C9C0A1FE1FF}.Release|.NET.ActiveCfg = Release|x86
		{6397DBD9-9A2F-4C46-875F-3C9C0A1FE1FF}.Release|Any CPU.ActiveCfg = Release|x86
		{6397DBD9-9A2F-4C46-875F-3C9C0A1FE1FF}.Release|Mixed Platforms.ActiveCfg = Release|x86
		{6397DBD9-9A2F-4C46-875F-3C9C0A1FE1FF}.Release|Mixed Platforms.Build.0 = Release|x86
		{6397DBD9-9A2F-4C46-875F-3C9C0A1FE1FF}.Release|x86.ActiveCfg = Release|x86
		{37B80173-6FED-4809-8FC4-25607C2132B7}.Debug|.NET.ActiveCfg = Debug|x86
		{37B80173-6FED-4809-8FC4-25607C2132B7}.Debug|Any CPU.ActiveCfg = Debug|x86
		{37B80173-6FED-4809-8FC4-25607C2132B7}.Debug|Mixed Platforms.ActiveCfg = Debug|x86
		{37B80173-6FED-4809-8FC4-25607C2132B7}.Debug|x86.ActiveCfg = Debug|x86
		{37B80173-6FED-4809-8FC4-25607C2132B7}.Debug|x86.Build.0 = Debug|x86
		{37B80173-6FED-4809-8FC4-25607C2132B7}.Release|.NET.ActiveCfg = Release|x86
		{37B80173-6FED-4809-8FC4-25607C2132B7}.Release|Any CPU.ActiveCfg = Release|x86
		{37B80173-6FED-4809-8FC4-25607C2132B7}.Release|Mixed Platforms.ActiveCfg = Release|x86
		{37B80173-6FED-4809-8FC4-25607C2132B7}.Release|Mixed Platforms.Build.0 = Release|x86
		{37B80173-6FED-4809-8FC4-25607C2132B7}.Release|x86.ActiveCfg = Release|x86
		{7BD1C85D-5089-4D6E-BC7D-7E56E21E53CB}.Debug|.NET.ActiveCfg = Debug|x86
		{7BD1C85D-5089-4D6E-BC7D-7E56E21E53CB}.Debug|Any CPU.ActiveCfg = Debug|x86
		{7BD1C85D-5089-4D6E-BC7D-7E56E21E53CB}.Debug|Mixed Platforms.ActiveCfg = Debug|x86
		{7BD1C85D-5089-4D6E-BC7D-7E56E21E53CB}.Debug|x86.ActiveCfg = Debug|x86
		{7BD1C85D-5089-4D6E-BC7D-7E56E21E53CB}.Debug|x86.Build.0 = Debug|x86
		{7BD1C85D-5089-4D6E-BC7D-7E56E21E53CB}.Release|.NET.ActiveCfg = Release|x86
		{7BD1C85D-5089-4D6E-BC7D-7E56E21E53CB}.Release|Any CPU.ActiveCfg = Release|x86
		{7BD1C85D-5089-4D6E-BC7D-7E56E21E53CB}.Release|Mixed Platforms.ActiveCfg = Release|x86
		{7BD1C85D-5089-4D6E-BC7D-7E56E21E53CB}.Release|Mixed Platforms.Build.0 = Release|x86
		{7BD1C85D-5089-4D6E-BC7D-7E56E21E53CB}.Release|x86.ActiveCfg = Release|x86
		{8D94A6FC-6285-4F8E-BA12-12812DFA7B75}.Debug|.NET.ActiveCfg = Debug|x86
		{8D94A6FC-6285-4F8E-BA12-12812DFA7B75}.Debug|Any CPU.ActiveCfg = Debug|x86
		{8D94A6FC-6285-4F8E-BA12-12812DFA7B75}.Debug|Mixed Platforms.ActiveCfg = Debug|x86
		{8D94A6FC-6285-4F8E-BA12-12812DFA7B75}.Debug|x86.ActiveCfg = Debug|x86
		{8D94A6FC-6285-4F8E-BA12-12812DFA7B75}.Debug|x86.Build.0 = Debug|x86
		{8D94A6FC-6285-4F8E-BA12-12812DFA7B75}.Release|.NET.ActiveCfg = Release|x86
		{8D94A6FC-6285-4F8E-BA12-12812DFA7B75}.Release|Any CPU.ActiveCfg = Release|x86
		{8D94A6FC-6285-4F8E-BA12-12812DFA7B75}.Release|Mixed Platforms.ActiveCfg = Release|x86
		{8D94A6FC-6285-4F8E-BA12-12812DFA7B75}.Release|Mixed Platforms.Build.0 = Release|x86
		{8D94A6FC-6285-4F8E-BA12-12812DFA7B75}.Release|x86.ActiveCfg = Release|x86
		{F1E0B145-803B-4323-89E6-86354B3ACB07}.Debug|.NET.ActiveCfg = Debug|x86
		{F1E0B145-803B-4323-89E6-86354B3ACB07}.Debug|Any CPU.ActiveCfg = Debug|x86
		{F1E0B145-803B-4323-89E6-86354B3ACB07}.Debug|Mixed Platforms.ActiveCfg = Debug|x86
		{F1E0B145-803B-4323-89E6-86354B3ACB07}.Debug|x86.ActiveCfg = Debug|x86
		{F1E0B145-803B-4323-89E6-86354B3ACB07}.Debug|x86.Build.0 = Debug|x86
		{F1E0B145-803B-4323-89E6-86354B3ACB07}.Release|.NET.ActiveCfg = Release|x86
		{F1E0B145-803B-4323-89E6-86354B3ACB07}.Release|Any CPU.ActiveCfg = Release|x86
		{F1E0B145-803B-4323-89E6-86354B3ACB07}.Release|Mixed Platforms.ActiveCfg = Release|x86
		{F1E0B145-803B-4323-89E6-86354B3ACB07}.Release|Mixed Platforms.Build.0 = Release|x86
		{F1E0B145-803B-4323-89E6-86354B3ACB07}.Release|x86.ActiveCfg = Release|x86
		{F0EF7F8B-F23D-4165-80B7-239BCE0AF80D}.Debug|.NET.ActiveCfg = Debug|x86
		{F0EF7F8B-F23D-4165-80B7-239BCE0AF80D}.Debug|Any CPU.ActiveCfg = Debug|x86
		{F0EF7F8B-F23D-4165-80B7-239BCE0AF80D}.Debug|Mixed Platforms.ActiveCfg = Debug|x86
		{F0EF7F8B-F23D-4165-80B7-239BCE0AF80D}.Debug|x86.ActiveCfg = Debug|x86
		{F0EF7F8B-F23D-4165-80B7-239BCE0AF80D}.Debug|x86.Build.0 = Debug|x86
		{F0EF7F8B-F23D-4165-80B7-239BCE0AF80D}.Release|.NET.ActiveCfg = Release|x86
		{F0EF7F8B-F23D-4165-80B7-239BCE0AF80D}.Release|Any CPU.ActiveCfg = Release|x86
		{F0EF7F8B-F23D-4165-80B7-239BCE0AF80D}.Release|Mixed Platforms.ActiveCfg = Release|x86
		{F0EF7F8B-F23D-4165-80B7-239BCE0AF80D}.Release|Mixed Platforms.Build.0 = Release|x86
		{F0EF7F8B-F23D-4165-80B7-239BCE0AF80D}.Release|x86.ActiveCfg = Release|x86
		{7D1CC453-DBF6-4190-ABCE-C9DB063AD0B4}.Debug|.NET.ActiveCfg = Debug|x86
		{7D1CC453-DBF6-4190-ABCE-C9DB063AD0B4}.Debug|Any CPU.ActiveCfg = Debug|x86
		{7D1CC453-DBF6-4190-ABCE-C9DB063AD0B4}.Debug|Mixed Platforms.ActiveCfg = Debug|x86
		{7D1CC453-DBF6-4190-ABCE-C9DB063AD0B4}.Debug|x86.ActiveCfg = Debug|x86
		{7D1CC453-DBF6-4190-ABCE-C9DB063AD0B4}.Debug|x86.Build.0 = Debug|x86
		{7D1CC453-DBF6-4190-ABCE-C9DB063AD0B4}.Release|.NET.ActiveCfg = Release|x86
		{7D1CC453-DBF6-4190-ABCE-C9DB063AD0B4}.Release|Any CPU.ActiveCfg = Release|x86
		{7D1CC453-DBF6-4190-ABCE-C9DB063AD0B4}.Release|Mixed Platforms.ActiveCfg = Release|x86
		{7D1CC453-DBF6-4190-ABCE-C9DB063AD0B4}.Release|Mixed Platforms.Build.0 = Release|x86
		{7D1CC453-DBF6-4190-ABCE-C9DB063AD0B4}.Release|x86.ActiveCfg = Release|x86
		{1988A893-A17B-405A-958A-F285ACB64E88}.Debug|.NET.ActiveCfg = Debug|x86
		{1988A893-A17B-405A-958A-F285ACB64E88}.Debug|Any CPU.ActiveCfg = Debug|x86
		{1988A893-A17B-405A-958A-F285ACB64E88}.Debug|Mixed Platforms.ActiveCfg = Debug|x86
		{1988A893-A17B-405A-958A-F285ACB64E88}.Debug|x86.ActiveCfg = Debug|x86
		{1988A893-A17B-405A-958A-F285ACB64E88}.Debug|x86.Build.0 = Debug|x86
		{1988A893-A17B-405A-958A-F285ACB64E88}.Release|.NET.ActiveCfg = Release|x86
		{1988A893-A17B-405A-958A-F285ACB64E88}.Release|Any CPU.ActiveCfg = Release|x86
		{1988A893-A17B-405A-958A-F285ACB64E88}.Release|Mixed Platforms.ActiveCfg = Release|x86
		{1988A893-A17B-405A-958A-F285ACB64E88}.Release|Mixed Platforms.Build.0 = Release|x86
		{1988A893-A17B-405A-958A-F285ACB64E88}.Release|x86.ActiveCfg = Release|x86
		{C397C30F-13C6-49CF-8E0D-002772D82410}.Debug|.NET.ActiveCfg = Debug|Any CPU
		{C397C30F-13C6-49CF-8E0D-002772D82410}.Debug|Any CPU.ActiveCfg = Debug|Any CPU
		{C397C30F-13C6-49CF-8E0D-002772D82410}.Debug|Any CPU.Build.0 = Debug|Any CPU
		{C397C30F-13C6-49CF-8E0D-002772D82410}.Debug|Mixed Platforms.ActiveCfg = Debug|Any CPU
		{C397C30F-13C6-49CF-8E0D-002772D82410}.Debug|Mixed Platforms.Build.0 = Debug|Any CPU
		{C397C30F-13C6-49CF-8E0D-002772D82410}.Debug|x86.ActiveCfg = Debug|Any CPU
		{C397C30F-13C6-49CF-8E0D-002772D82410}.Release|.NET.ActiveCfg = Debug|Any CPU
		{C397C30F-13C6-49CF-8E0D-002772D82410}.Release|Any CPU.ActiveCfg = Debug|Any CPU
		{C397C30F-13C6-49CF-8E0D-002772D82410}.Release|Any CPU.Build.0 = Debug|Any CPU
		{C397C30F-13C6-49CF-8E0D-002772D82410}.Release|Mixed Platforms.ActiveCfg = Debug|Any CPU
		{C397C30F-13C6-49CF-8E0D-002772D82410}.Release|Mixed Platforms.Build.0 = Debug|Any CPU
		{C397C30F-13C6-49CF-8E0D-002772D82410}.Release|x86.ActiveCfg = Debug|Any CPU
		{B2B18F62-C764-4392-9CA9-46A4EAA84CA1}.Debug|.NET.ActiveCfg = Debug|x86
		{B2B18F62-C764-4392-9CA9-46A4EAA84CA1}.Debug|Any CPU.ActiveCfg = Debug|x86
		{B2B18F62-C764-4392-9CA9-46A4EAA84CA1}.Debug|Mixed Platforms.ActiveCfg = Debug|x86
		{B2B18F62-C764-4392-9CA9-46A4EAA84CA1}.Debug|x86.ActiveCfg = Debug|x86
		{B2B18F62-C764-4392-9CA9-46A4EAA84CA1}.Debug|x86.Build.0 = Debug|x86
		{B2B18F62-C764-4392-9CA9-46A4EAA84CA1}.Release|.NET.ActiveCfg = Release|x86
		{B2B18F62-C764-4392-9CA9-46A4EAA84CA1}.Release|Any CPU.ActiveCfg = Release|x86
		{B2B18F62-C764-4392-9CA9-46A4EAA84CA1}.Release|Mixed Platforms.ActiveCfg = Release|x86
		{B2B18F62-C764-4392-9CA9-46A4EAA84CA1}.Release|Mixed Platforms.Build.0 = Release|x86
		{B2B18F62-C764-4392-9CA9-46A4EAA84CA1}.Release|x86.ActiveCfg = Release|x86
		{BEFBC23C-7E3A-4750-939B-46863CD33BB3}.Debug|.NET.ActiveCfg = Debug|Any CPU
		{BEFBC23C-7E3A-4750-939B-46863CD33BB3}.Debug|Any CPU.ActiveCfg = Debug|Any CPU
		{BEFBC23C-7E3A-4750-939B-46863CD33BB3}.Debug|Any CPU.Build.0 = Debug|Any CPU
		{BEFBC23C-7E3A-4750-939B-46863CD33BB3}.Debug|Mixed Platforms.ActiveCfg = Debug|Any CPU
		{BEFBC23C-7E3A-4750-939B-46863CD33BB3}.Debug|Mixed Platforms.Build.0 = Debug|Any CPU
		{BEFBC23C-7E3A-4750-939B-46863CD33BB3}.Debug|x86.ActiveCfg = Debug|Any CPU
		{BEFBC23C-7E3A-4750-939B-46863CD33BB3}.Release|.NET.ActiveCfg = Release|Any CPU
		{BEFBC23C-7E3A-4750-939B-46863CD33BB3}.Release|Any CPU.ActiveCfg = Release|Any CPU
		{BEFBC23C-7E3A-4750-939B-46863CD33BB3}.Release|Mixed Platforms.ActiveCfg = Release|Any CPU
		{BEFBC23C-7E3A-4750-939B-46863CD33BB3}.Release|Mixed Platforms.Build.0 = Release|Any CPU
		{BEFBC23C-7E3A-4750-939B-46863CD33BB3}.Release|x86.ActiveCfg = Release|Any CPU
		{F39F28D8-A1D8-457D-ADA0-5F17EF4E0E33}.Debug|.NET.ActiveCfg = Debug|x86
		{F39F28D8-A1D8-457D-ADA0-5F17EF4E0E33}.Debug|Any CPU.ActiveCfg = Debug|x86
		{F39F28D8-A1D8-457D-ADA0-5F17EF4E0E33}.Debug|Mixed Platforms.ActiveCfg = Debug|x86
		{F39F28D8-A1D8-457D-ADA0-5F17EF4E0E33}.Debug|Mixed Platforms.Build.0 = Debug|x86
		{F39F28D8-A1D8-457D-ADA0-5F17EF4E0E33}.Debug|x86.ActiveCfg = Debug|x86
		{F39F28D8-A1D8-457D-ADA0-5F17EF4E0E33}.Debug|x86.Build.0 = Debug|x86
		{F39F28D8-A1D8-457D-ADA0-5F17EF4E0E33}.Release|.NET.ActiveCfg = Release|x86
		{F39F28D8-A1D8-457D-ADA0-5F17EF4E0E33}.Release|Any CPU.ActiveCfg = Release|x86
		{F39F28D8-A1D8-457D-ADA0-5F17EF4E0E33}.Release|Mixed Platforms.ActiveCfg = Release|x86
		{F39F28D8-A1D8-457D-ADA0-5F17EF4E0E33}.Release|Mixed Platforms.Build.0 = Release|x86
		{F39F28D8-A1D8-457D-ADA0-5F17EF4E0E33}.Release|x86.ActiveCfg = Release|x86
		{F39F28D8-A1D8-457D-ADA0-5F17EF4E0E33}.Release|x86.Build.0 = Release|x86
		{06C53435-AD9B-4FAE-89B3-259B68D85474}.Debug|.NET.ActiveCfg = Debug|Any CPU
		{06C53435-AD9B-4FAE-89B3-259B68D85474}.Debug|Any CPU.ActiveCfg = Debug|Any CPU
		{06C53435-AD9B-4FAE-89B3-259B68D85474}.Debug|Any CPU.Build.0 = Debug|Any CPU
		{06C53435-AD9B-4FAE-89B3-259B68D85474}.Debug|Mixed Platforms.ActiveCfg = Debug|Any CPU
		{06C53435-AD9B-4FAE-89B3-259B68D85474}.Debug|Mixed Platforms.Build.0 = Debug|Any CPU
		{06C53435-AD9B-4FAE-89B3-259B68D85474}.Debug|x86.ActiveCfg = Debug|Any CPU
		{06C53435-AD9B-4FAE-89B3-259B68D85474}.Release|.NET.ActiveCfg = Release|Any CPU
		{06C53435-AD9B-4FAE-89B3-259B68D85474}.Release|Any CPU.ActiveCfg = Release|Any CPU
		{06C53435-AD9B-4FAE-89B3-259B68D85474}.Release|Any CPU.Build.0 = Release|Any CPU
		{06C53435-AD9B-4FAE-89B3-259B68D85474}.Release|Mixed Platforms.ActiveCfg = Release|Any CPU
		{06C53435-AD9B-4FAE-89B3-259B68D85474}.Release|Mixed Platforms.Build.0 = Release|Any CPU
		{06C53435-AD9B-4FAE-89B3-259B68D85474}.Release|x86.ActiveCfg = Release|Any CPU
	EndGlobalSection
	GlobalSection(SolutionProperties) = preSolution
		HideSolutionNode = FALSE
	EndGlobalSection
EndGlobal
